
Microsoft Visual Studio Solution File, Format Version 12.00
# Visual Studio 14
VisualStudioVersion = 14.0.25420.1
MinimumVisualStudioVersion = 10.0.40219.1
Project("{2150E333-8FDC-42A3-9474-1A3956D46DE8}") = "src", "src", "{BB82EEAD-6E8C-412B-A8DD-109BEF8103A6}"
EndProject
Project("{2150E333-8FDC-42A3-9474-1A3956D46DE8}") = "Solution Items", "Solution Items", "{10B88737-FCBE-402C-B338-7126209BB546}"
	ProjectSection(SolutionItems) = preProject
		global.json = global.json
	EndProjectSection
EndProject
Project("{8BB2217D-0F2D-49D1-97BC-3654ED321F3B}") = "TheWorld", "src\TheWorld\TheWorld.xproj", "{87C6A2C5-4F54-4CF1-86E2-F49161BEA815}"
EndProject
Global
	GlobalSection(SolutionConfigurationPlatforms) = preSolution
		Debug|Any CPU = Debug|Any CPU
		Release|Any CPU = Release|Any CPU
	EndGlobalSection
	GlobalSection(ProjectConfigurationPlatforms) = postSolution
		{87C6A2C5-4F54-4CF1-86E2-F49161BEA815}.Debug|Any CPU.ActiveCfg = Debug|Any CPU
		{87C6A2C5-4F54-4CF1-86E2-F49161BEA815}.Debug|Any CPU.Build.0 = Debug|Any CPU
		{87C6A2C5-4F54-4CF1-86E2-F49161BEA815}.Release|Any CPU.ActiveCfg = Release|Any CPU
		{87C6A2C5-4F54-4CF1-86E2-F49161BEA815}.Release|Any CPU.Build.0 = Release|Any CPU
	EndGlobalSection
	GlobalSection(SolutionProperties) = preSolution
		HideSolutionNode = FALSE
	EndGlobalSection
	GlobalSection(NestedProjects) = preSolution
		{87C6A2C5-4F54-4CF1-86E2-F49161BEA815} = {BB82EEAD-6E8C-412B-A8DD-109BEF8103A6}
	EndGlobalSection
EndGlobal
